
Microsoft Visual Studio Solution File, Format Version 12.00
# Visual Studio Version 17
VisualStudioVersion = 17.8.34330.188
MinimumVisualStudioVersion = 10.0.40219.1
Project("{FAE04EC0-301F-11D3-BF4B-00C04F79EFBC}") = "TestExam", "TestExam\TestExam.csproj", "{30D9FCED-A044-4EC3-8038-7F6AE8FC87CD}"
EndProject
Global
	GlobalSection(SolutionConfigurationPlatforms) = preSolution
		Debug|Any CPU = Debug|Any CPU
		Release|Any CPU = Release|Any CPU
	EndGlobalSection
	GlobalSection(ProjectConfigurationPlatforms) = postSolution
		{30D9FCED-A044-4EC3-8038-7F6AE8FC87CD}.Debug|Any CPU.ActiveCfg = Debug|Any CPU
		{30D9FCED-A044-4EC3-8038-7F6AE8FC87CD}.Debug|Any CPU.Build.0 = Debug|Any CPU
		{30D9FCED-A044-4EC3-8038-7F6AE8FC87CD}.Release|Any CPU.ActiveCfg = Release|Any CPU
		{30D9FCED-A044-4EC3-8038-7F6AE8FC87CD}.Release|Any CPU.Build.0 = Release|Any CPU
	EndGlobalSection
	GlobalSection(SolutionProperties) = preSolution
		HideSolutionNode = FALSE
	EndGlobalSection
	GlobalSection(ExtensibilityGlobals) = postSolution
		SolutionGuid = {5F8A32F7-9E53-4082-9A9A-4F4B1E9AF137}
	EndGlobalSection
EndGlobal
